{
  "version": 4,
  "terraform_version": "1.2.7",
  "serial": 4,
  "lineage": "7037a775-18d4-4138-85bc-56dc0cde3a80",
  "outputs": {
    "account_id": {
      "value": "522193845224",
      "type": "string"
    },
    "redshift_cluster_hostname": {
      "value": "redshift-cluster-2.cxcyp2s8tvxt.us-east-1.redshift.amazonaws.com:5439",
      "type": "string"
    },
    "redshift_username": {
      "value": "user2",
      "type": "string"
    },
    "s3_bucket_name": {
      "value": "redapidcommdata",
      "type": "string"
    }
  },
  "resources": [
    {
      "mode": "data",
      "type": "aws_caller_identity",
      "name": "current",
      "provider": "provider[\"registry.terraform.io/hashicorp/aws\"]",
      "instances": [
        {
          "schema_version": 0,
          "attributes": {
            "account_id": "522193845224",
            "arn": "arn:aws:iam::522193845224:user/cip-data",
            "id": "522193845224",
            "user_id": "AIDAXTFJNXPUPEQMYBPVF"
          },
          "sensitive_attributes": []
        }
      ]
    },
    {
      "mode": "managed",
      "type": "aws_iam_role",
      "name": "redshift_role",
      "provider": "provider[\"registry.terraform.io/hashicorp/aws\"]",
      "instances": [
        {
          "schema_version": 0,
          "attributes": {
            "arn": "arn:aws:iam::522193845224:role/Reading_S3",
            "assume_role_policy": "{\"Statement\":[{\"Action\":[\"sts:AssumeRole\"],\"Effect\":\"Allow\",\"Principal\":{\"Service\":[\"redshift.amazonaws.com\"]}}],\"Version\":\"2012-10-17\"}",
            "create_date": "2022-08-21T19:55:02Z",
            "description": "",
            "force_detach_policies": false,
            "id": "Reading_S3",
            "inline_policy": [],
            "managed_policy_arns": [
              "arn:aws:iam::aws:policy/AmazonS3ReadOnlyAccess"
            ],
            "max_session_duration": 3600,
            "name": "Reading_S3",
            "name_prefix": "",
            "path": "/",
            "permissions_boundary": null,
            "tags": null,
            "tags_all": {},
            "unique_id": "AROAXTFJNXPUNDBMXZUON"
          },
          "sensitive_attributes": [],
          "private": "bnVsbA=="
        }
      ]
    },
    {
      "mode": "managed",
      "type": "aws_redshift_cluster",
      "name": "redshift_cluster",
      "provider": "provider[\"registry.terraform.io/hashicorp/aws\"]",
      "instances": [
        {
          "schema_version": 0,
          "attributes": {
            "allow_version_upgrade": true,
            "apply_immediately": false,
            "aqua_configuration_status": "auto",
            "arn": "arn:aws:redshift:us-east-1:522193845224:cluster:redshift-cluster-2",
            "automated_snapshot_retention_period": 1,
            "availability_zone": "us-east-1f",
            "availability_zone_relocation_enabled": false,
            "cluster_identifier": "redshift-cluster-2",
            "cluster_nodes": [
              {
                "node_role": "SHARED",
                "private_ip_address": "172.31.73.84",
                "public_ip_address": "52.4.127.11"
              }
            ],
            "cluster_parameter_group_name": "default.redshift-1.0",
            "cluster_public_key": "ssh-rsa AAAAB3NzaC1yc2EAAAADAQABAAABAQDsJWQrGcqC9wmYEcOO6fHMeHJNf2o9ejmdOBt0JIBFk2XIlGjCIheaCdOTTo/mxZqqrKFek8bb8IKvCTtVCnTjjZseHGtpV2u5M1CQt4vwtxE2LQtGIr31cQbU5uJ/4tL1d8waiF98JTcAl/SAwVcchXX+2nbrImtNJ/5FQv0fX6hTKpBXgrk1/PVxlDp3/Ydi4rDrtRL9C0GZzeyNc0x3O6wYjITDyTp2YX37v/8bVXVywJbsQYKd9oOzP8aYZeDQRkYAmj02FooEoFcxiZIMCGbGHm4+PPebOJL01mVnskFICgnJDLtwh/sQR20yHfVThCizmEnhlgIsLGyhk+9r Amazon-Redshift\n",
            "cluster_revision_number": "40677",
            "cluster_security_groups": [],
            "cluster_subnet_group_name": "default",
            "cluster_type": "single-node",
            "cluster_version": "1.0",
            "database_name": "test",
            "default_iam_role_arn": "",
            "dns_name": "redshift-cluster-2.cxcyp2s8tvxt.us-east-1.redshift.amazonaws.com",
            "elastic_ip": null,
            "encrypted": false,
            "endpoint": "redshift-cluster-2.cxcyp2s8tvxt.us-east-1.redshift.amazonaws.com:5439",
            "enhanced_vpc_routing": false,
            "final_snapshot_identifier": null,
            "iam_roles": [],
            "id": "redshift-cluster-2",
            "kms_key_id": "",
            "logging": [
              {
                "bucket_name": "",
                "enable": false,
                "log_destination_type": "",
                "log_exports": [],
                "s3_key_prefix": ""
              }
            ],
            "maintenance_track_name": "current",
            "manual_snapshot_retention_period": -1,
            "master_password": "L!g3r22$",
            "master_username": "user2",
            "node_type": "dc2.large",
            "number_of_nodes": 1,
            "owner_account": null,
            "port": 5439,
            "preferred_maintenance_window": "tue:10:30-tue:11:00",
            "publicly_accessible": true,
            "skip_final_snapshot": true,
            "snapshot_cluster_identifier": null,
            "snapshot_copy": [],
            "snapshot_identifier": null,
            "tags": null,
            "tags_all": {},
            "timeouts": null,
            "vpc_security_group_ids": [
              "sg-0ffc9043ac62be5b1"
            ]
          },
          "sensitive_attributes": [],
          "private": "eyJlMmJmYjczMC1lY2FhLTExZTYtOGY4OC0zNDM2M2JjN2M0YzAiOnsiY3JlYXRlIjo0NTAwMDAwMDAwMDAwLCJkZWxldGUiOjI0MDAwMDAwMDAwMDAsInVwZGF0ZSI6NDUwMDAwMDAwMDAwMH19"
        }
      ]
    }
  ]
}
